
Microsoft Visual Studio Solution File, Format Version 12.00
# Visual Studio 15
VisualStudioVersion = 15.0.28307.1000
MinimumVisualStudioVersion = 10.0.40219.1
Project("{FAE04EC0-301F-11D3-BF4B-00C04F79EFBC}") = "GildedRose", "GildedRose\GildedRose.csproj", "{FED2DA6B-AFF5-4A78-94F4-027BD812149C}"
EndProject
Project("{FAE04EC0-301F-11D3-BF4B-00C04F79EFBC}") = "GildedRoseTest", "GildedRoseTest\GildedRoseTest.csproj", "{DC54717B-61F0-4C5A-9EE0-18A004914F06}"
EndProject
Project("{FAE04EC0-301F-11D3-BF4B-00C04F79EFBC}") = "GildedRoseLib", "GildedRoseLib\GildedRoseLib.csproj", "{9E99E122-8581-49B0-8C39-AF736487D6B2}"
EndProject
Global
	GlobalSection(SolutionConfigurationPlatforms) = preSolution
		Debug|Any CPU = Debug|Any CPU
		Release|Any CPU = Release|Any CPU
	EndGlobalSection
	GlobalSection(ProjectConfigurationPlatforms) = postSolution
		{FED2DA6B-AFF5-4A78-94F4-027BD812149C}.Debug|Any CPU.ActiveCfg = Debug|Any CPU
		{FED2DA6B-AFF5-4A78-94F4-027BD812149C}.Debug|Any CPU.Build.0 = Debug|Any CPU
		{FED2DA6B-AFF5-4A78-94F4-027BD812149C}.Release|Any CPU.ActiveCfg = Release|Any CPU
		{FED2DA6B-AFF5-4A78-94F4-027BD812149C}.Release|Any CPU.Build.0 = Release|Any CPU
		{DC54717B-61F0-4C5A-9EE0-18A004914F06}.Debug|Any CPU.ActiveCfg = Debug|Any CPU
		{DC54717B-61F0-4C5A-9EE0-18A004914F06}.Debug|Any CPU.Build.0 = Debug|Any CPU
		{DC54717B-61F0-4C5A-9EE0-18A004914F06}.Release|Any CPU.ActiveCfg = Release|Any CPU
		{DC54717B-61F0-4C5A-9EE0-18A004914F06}.Release|Any CPU.Build.0 = Release|Any CPU
		{9E99E122-8581-49B0-8C39-AF736487D6B2}.Debug|Any CPU.ActiveCfg = Debug|Any CPU
		{9E99E122-8581-49B0-8C39-AF736487D6B2}.Debug|Any CPU.Build.0 = Debug|Any CPU
		{9E99E122-8581-49B0-8C39-AF736487D6B2}.Release|Any CPU.ActiveCfg = Release|Any CPU
		{9E99E122-8581-49B0-8C39-AF736487D6B2}.Release|Any CPU.Build.0 = Release|Any CPU
	EndGlobalSection
	GlobalSection(SolutionProperties) = preSolution
		HideSolutionNode = FALSE
	EndGlobalSection
	GlobalSection(ExtensibilityGlobals) = postSolution
		SolutionGuid = {7419FA10-DE6A-40F9-82F9-CDA85403956A}
	EndGlobalSection
EndGlobal
